// !$*UTF8*$!
{
	archiveVersion = 1;
	classes = {
	};
	objectVersion = 56;
	objects = {

/* Begin PBXBuildFile section */
		522D20F42BDF32870029013C /* AnimaliaApp.swift in Sources */ = {isa = PBXBuildFile; fileRef = 522D20F32BDF32870029013C /* AnimaliaApp.swift */; };
		522D20F62BDF32870029013C /* BrowseView.swift in Sources */ = {isa = PBXBuildFile; fileRef = 522D20F52BDF32870029013C /* BrowseView.swift */; };
		522D20F82BDF32880029013C /* Assets.xcassets in Resources */ = {isa = PBXBuildFile; fileRef = 522D20F72BDF32880029013C /* Assets.xcassets */; };
		522D20FB2BDF32880029013C /* Preview Assets.xcassets in Resources */ = {isa = PBXBuildFile; fileRef = 522D20FA2BDF32880029013C /* Preview Assets.xcassets */; };
		522D21092BDF35B40029013C /* animals.json in Resources */ = {isa = PBXBuildFile; fileRef = 522D21042BDF35B40029013C /* animals.json */; };
		522D210A2BDF35B40029013C /* covers.json in Resources */ = {isa = PBXBuildFile; fileRef = 522D21052BDF35B40029013C /* covers.json */; };
		522D210B2BDF35B40029013C /* locations.json in Resources */ = {isa = PBXBuildFile; fileRef = 522D21062BDF35B40029013C /* locations.json */; };
		522D210C2BDF35B40029013C /* videos.json in Resources */ = {isa = PBXBuildFile; fileRef = 522D21072BDF35B40029013C /* videos.json */; };
		522D21182BDF35CD0029013C /* cheetah.mp4 in Resources */ = {isa = PBXBuildFile; fileRef = 522D210D2BDF35CD0029013C /* cheetah.mp4 */; };
		522D21192BDF35CD0029013C /* elephant.mp4 in Resources */ = {isa = PBXBuildFile; fileRef = 522D210E2BDF35CD0029013C /* elephant.mp4 */; };
		522D211A2BDF35CD0029013C /* giraffe.mp4 in Resources */ = {isa = PBXBuildFile; fileRef = 522D210F2BDF35CD0029013C /* giraffe.mp4 */; };
		522D211B2BDF35CD0029013C /* gorilla.mp4 in Resources */ = {isa = PBXBuildFile; fileRef = 522D21102BDF35CD0029013C /* gorilla.mp4 */; };
		522D211C2BDF35CD0029013C /* hippo.mp4 in Resources */ = {isa = PBXBuildFile; fileRef = 522D21112BDF35CD0029013C /* hippo.mp4 */; };
		522D211D2BDF35CD0029013C /* lion.mp4 in Resources */ = {isa = PBXBuildFile; fileRef = 522D21122BDF35CD0029013C /* lion.mp4 */; };
		522D211E2BDF35CD0029013C /* lioness.mp4 in Resources */ = {isa = PBXBuildFile; fileRef = 522D21132BDF35CD0029013C /* lioness.mp4 */; };
		522D211F2BDF35CD0029013C /* ostrich.mp4 in Resources */ = {isa = PBXBuildFile; fileRef = 522D21142BDF35CD0029013C /* ostrich.mp4 */; };
		522D21202BDF35CD0029013C /* rhino.mp4 in Resources */ = {isa = PBXBuildFile; fileRef = 522D21152BDF35CD0029013C /* rhino.mp4 */; };
		522D21212BDF35CD0029013C /* zebra.mp4 in Resources */ = {isa = PBXBuildFile; fileRef = 522D21162BDF35CD0029013C /* zebra.mp4 */; };
		522D21252BDF37F20029013C /* CoverImageView.swift in Sources */ = {isa = PBXBuildFile; fileRef = 522D21242BDF37F20029013C /* CoverImageView.swift */; };
		522D21282BDF38EE0029013C /* CoverImageModel.swift in Sources */ = {isa = PBXBuildFile; fileRef = 522D21272BDF38EE0029013C /* CoverImageModel.swift */; };
		522D212B2BDF39D40029013C /* Bundle+Ext.swift in Sources */ = {isa = PBXBuildFile; fileRef = 522D212A2BDF39D40029013C /* Bundle+Ext.swift */; };
		522D212E2BDF43D30029013C /* AnimalModel.swift in Sources */ = {isa = PBXBuildFile; fileRef = 522D212D2BDF43D30029013C /* AnimalModel.swift */; };
		522D21302BDF44EE0029013C /* AnimalListItemView.swift in Sources */ = {isa = PBXBuildFile; fileRef = 522D212F2BDF44EE0029013C /* AnimalListItemView.swift */; };
		522D21322BDF503B0029013C /* OctagonImageFrame.swift in Sources */ = {isa = PBXBuildFile; fileRef = 522D21312BDF503B0029013C /* OctagonImageFrame.swift */; };
		522D21342BDF5D1E0029013C /* AnimalGridItemView.swift in Sources */ = {isa = PBXBuildFile; fileRef = 522D21332BDF5D1E0029013C /* AnimalGridItemView.swift */; };
		522D21362BDF60C30029013C /* MainView.swift in Sources */ = {isa = PBXBuildFile; fileRef = 522D21352BDF60C30029013C /* MainView.swift */; };
		522D21382BDF774F0029013C /* AnimalDetailView.swift in Sources */ = {isa = PBXBuildFile; fileRef = 522D21372BDF774F0029013C /* AnimalDetailView.swift */; };
		522D213A2BDF7CB30029013C /* HeadingView.swift in Sources */ = {isa = PBXBuildFile; fileRef = 522D21392BDF7CB30029013C /* HeadingView.swift */; };
		522D213C2BDF7F620029013C /* InsetGalleryView.swift in Sources */ = {isa = PBXBuildFile; fileRef = 522D213B2BDF7F620029013C /* InsetGalleryView.swift */; };
		522D213E2BDF82960029013C /* InsetFactView.swift in Sources */ = {isa = PBXBuildFile; fileRef = 522D213D2BDF82960029013C /* InsetFactView.swift */; };
		522D21402BDF8B4D0029013C /* InsetMapView.swift in Sources */ = {isa = PBXBuildFile; fileRef = 522D213F2BDF8B4D0029013C /* InsetMapView.swift */; };
		522D21422BDF8E240029013C /* CLLOcation+Ext.swift in Sources */ = {isa = PBXBuildFile; fileRef = 522D21412BDF8E240029013C /* CLLOcation+Ext.swift */; };
		522D21442BDF94670029013C /* ExternalWebLinkView.swift in Sources */ = {isa = PBXBuildFile; fileRef = 522D21432BDF94670029013C /* ExternalWebLinkView.swift */; };
/* End PBXBuildFile section */

/* Begin PBXFileReference section */
		522D20F02BDF32870029013C /* Animalia.app */ = {isa = PBXFileReference; explicitFileType = wrapper.application; includeInIndex = 0; path = Animalia.app; sourceTree = BUILT_PRODUCTS_DIR; };
		522D20F32BDF32870029013C /* AnimaliaApp.swift */ = {isa = PBXFileReference; lastKnownFileType = sourcecode.swift; path = AnimaliaApp.swift; sourceTree = "<group>"; };
		522D20F52BDF32870029013C /* BrowseView.swift */ = {isa = PBXFileReference; lastKnownFileType = sourcecode.swift; path = BrowseView.swift; sourceTree = "<group>"; };
		522D20F72BDF32880029013C /* Assets.xcassets */ = {isa = PBXFileReference; lastKnownFileType = folder.assetcatalog; path = Assets.xcassets; sourceTree = "<group>"; };
		522D20FA2BDF32880029013C /* Preview Assets.xcassets */ = {isa = PBXFileReference; lastKnownFileType = folder.assetcatalog; path = "Preview Assets.xcassets"; sourceTree = "<group>"; };
		522D21042BDF35B40029013C /* animals.json */ = {isa = PBXFileReference; fileEncoding = 4; lastKnownFileType = text.json; path = animals.json; sourceTree = "<group>"; };
		522D21052BDF35B40029013C /* covers.json */ = {isa = PBXFileReference; fileEncoding = 4; lastKnownFileType = text.json; path = covers.json; sourceTree = "<group>"; };
		522D21062BDF35B40029013C /* locations.json */ = {isa = PBXFileReference; fileEncoding = 4; lastKnownFileType = text.json; path = locations.json; sourceTree = "<group>"; };
		522D21072BDF35B40029013C /* videos.json */ = {isa = PBXFileReference; fileEncoding = 4; lastKnownFileType = text.json; path = videos.json; sourceTree = "<group>"; };
		522D210D2BDF35CD0029013C /* cheetah.mp4 */ = {isa = PBXFileReference; lastKnownFileType = file; path = cheetah.mp4; sourceTree = "<group>"; };
		522D210E2BDF35CD0029013C /* elephant.mp4 */ = {isa = PBXFileReference; lastKnownFileType = file; path = elephant.mp4; sourceTree = "<group>"; };
		522D210F2BDF35CD0029013C /* giraffe.mp4 */ = {isa = PBXFileReference; lastKnownFileType = file; path = giraffe.mp4; sourceTree = "<group>"; };
		522D21102BDF35CD0029013C /* gorilla.mp4 */ = {isa = PBXFileReference; lastKnownFileType = file; path = gorilla.mp4; sourceTree = "<group>"; };
		522D21112BDF35CD0029013C /* hippo.mp4 */ = {isa = PBXFileReference; lastKnownFileType = file; path = hippo.mp4; sourceTree = "<group>"; };
		522D21122BDF35CD0029013C /* lion.mp4 */ = {isa = PBXFileReference; lastKnownFileType = file; path = lion.mp4; sourceTree = "<group>"; };
		522D21132BDF35CD0029013C /* lioness.mp4 */ = {isa = PBXFileReference; lastKnownFileType = file; path = lioness.mp4; sourceTree = "<group>"; };
		522D21142BDF35CD0029013C /* ostrich.mp4 */ = {isa = PBXFileReference; lastKnownFileType = file; path = ostrich.mp4; sourceTree = "<group>"; };
		522D21152BDF35CD0029013C /* rhino.mp4 */ = {isa = PBXFileReference; lastKnownFileType = file; path = rhino.mp4; sourceTree = "<group>"; };
		522D21162BDF35CD0029013C /* zebra.mp4 */ = {isa = PBXFileReference; lastKnownFileType = file; path = zebra.mp4; sourceTree = "<group>"; };
		522D21242BDF37F20029013C /* CoverImageView.swift */ = {isa = PBXFileReference; lastKnownFileType = sourcecode.swift; path = CoverImageView.swift; sourceTree = "<group>"; };
		522D21272BDF38EE0029013C /* CoverImageModel.swift */ = {isa = PBXFileReference; lastKnownFileType = sourcecode.swift; path = CoverImageModel.swift; sourceTree = "<group>"; };
		522D212A2BDF39D40029013C /* Bundle+Ext.swift */ = {isa = PBXFileReference; lastKnownFileType = sourcecode.swift; path = "Bundle+Ext.swift"; sourceTree = "<group>"; };
		522D212C2BDF3FF90029013C /* Info.plist */ = {isa = PBXFileReference; lastKnownFileType = text.plist; path = Info.plist; sourceTree = "<group>"; };
		522D212D2BDF43D30029013C /* AnimalModel.swift */ = {isa = PBXFileReference; lastKnownFileType = sourcecode.swift; path = AnimalModel.swift; sourceTree = "<group>"; };
		522D212F2BDF44EE0029013C /* AnimalListItemView.swift */ = {isa = PBXFileReference; lastKnownFileType = sourcecode.swift; path = AnimalListItemView.swift; sourceTree = "<group>"; };
		522D21312BDF503B0029013C /* OctagonImageFrame.swift */ = {isa = PBXFileReference; lastKnownFileType = sourcecode.swift; path = OctagonImageFrame.swift; sourceTree = "<group>"; };
		522D21332BDF5D1E0029013C /* AnimalGridItemView.swift */ = {isa = PBXFileReference; lastKnownFileType = sourcecode.swift; path = AnimalGridItemView.swift; sourceTree = "<group>"; };
		522D21352BDF60C30029013C /* MainView.swift */ = {isa = PBXFileReference; lastKnownFileType = sourcecode.swift; path = MainView.swift; sourceTree = "<group>"; };
		522D21372BDF774F0029013C /* AnimalDetailView.swift */ = {isa = PBXFileReference; lastKnownFileType = sourcecode.swift; path = AnimalDetailView.swift; sourceTree = "<group>"; };
		522D21392BDF7CB30029013C /* HeadingView.swift */ = {isa = PBXFileReference; lastKnownFileType = sourcecode.swift; path = HeadingView.swift; sourceTree = "<group>"; };
		522D213B2BDF7F620029013C /* InsetGalleryView.swift */ = {isa = PBXFileReference; lastKnownFileType = sourcecode.swift; path = InsetGalleryView.swift; sourceTree = "<group>"; };
		522D213D2BDF82960029013C /* InsetFactView.swift */ = {isa = PBXFileReference; lastKnownFileType = sourcecode.swift; path = InsetFactView.swift; sourceTree = "<group>"; };
		522D213F2BDF8B4D0029013C /* InsetMapView.swift */ = {isa = PBXFileReference; lastKnownFileType = sourcecode.swift; path = InsetMapView.swift; sourceTree = "<group>"; };
		522D21412BDF8E240029013C /* CLLOcation+Ext.swift */ = {isa = PBXFileReference; lastKnownFileType = sourcecode.swift; path = "CLLOcation+Ext.swift"; sourceTree = "<group>"; };
		522D21432BDF94670029013C /* ExternalWebLinkView.swift */ = {isa = PBXFileReference; lastKnownFileType = sourcecode.swift; path = ExternalWebLinkView.swift; sourceTree = "<group>"; };
/* End PBXFileReference section */

/* Begin PBXFrameworksBuildPhase section */
		522D20ED2BDF32870029013C /* Frameworks */ = {
			isa = PBXFrameworksBuildPhase;
			buildActionMask = 2147483647;
			files = (
			);
			runOnlyForDeploymentPostprocessing = 0;
		};
/* End PBXFrameworksBuildPhase section */

/* Begin PBXGroup section */
		521416512BE08D5800DA8568 /* Browse */ = {
			isa = PBXGroup;
			children = (
				522D21472BDF985B0029013C /* SubViewGrid */,
				522D21462BDF982E0029013C /* SubViewBrowse */,
				522D21452BDF972B0029013C /* SubViewDetail */,
				522D21372BDF774F0029013C /* AnimalDetailView.swift */,
			);
			path = Browse;
			sourceTree = "<group>";
		};
		521416522BE08D7400DA8568 /* Watch */ = {
			isa = PBXGroup;
			children = (
			);
			path = Watch;
			sourceTree = "<group>";
		};
		522D20E72BDF32870029013C = {
			isa = PBXGroup;
			children = (
				522D20F22BDF32870029013C /* Animalia */,
				522D20F12BDF32870029013C /* Products */,
			);
			sourceTree = "<group>";
		};
		522D20F12BDF32870029013C /* Products */ = {
			isa = PBXGroup;
			children = (
				522D20F02BDF32870029013C /* Animalia.app */,
			);
			name = Products;
			sourceTree = "<group>";
		};
		522D20F22BDF32870029013C /* Animalia */ = {
			isa = PBXGroup;
			children = (
				522D212C2BDF3FF90029013C /* Info.plist */,
				522D21292BDF39830029013C /* Extensions */,
				522D21222BDF37950029013C /* Modules */,
				522D21012BDF328F0029013C /* App */,
				522D21022BDF32970029013C /* Main */,
				522D21032BDF329F0029013C /* Resources */,
				522D20F92BDF32880029013C /* Preview Content */,
			);
			path = Animalia;
			sourceTree = "<group>";
		};
		522D20F92BDF32880029013C /* Preview Content */ = {
			isa = PBXGroup;
			children = (
				522D20FA2BDF32880029013C /* Preview Assets.xcassets */,
			);
			path = "Preview Content";
			sourceTree = "<group>";
		};
		522D21012BDF328F0029013C /* App */ = {
			isa = PBXGroup;
			children = (
				522D20F32BDF32870029013C /* AnimaliaApp.swift */,
			);
			path = App;
			sourceTree = "<group>";
		};
		522D21022BDF32970029013C /* Main */ = {
			isa = PBXGroup;
			children = (
				522D20F52BDF32870029013C /* BrowseView.swift */,
				522D21352BDF60C30029013C /* MainView.swift */,
			);
			path = Main;
			sourceTree = "<group>";
		};
		522D21032BDF329F0029013C /* Resources */ = {
			isa = PBXGroup;
			children = (
				522D21082BDF35B40029013C /* Data */,
				522D21172BDF35CD0029013C /* Video */,
				522D20F72BDF32880029013C /* Assets.xcassets */,
			);
			path = Resources;
			sourceTree = "<group>";
		};
		522D21082BDF35B40029013C /* Data */ = {
			isa = PBXGroup;
			children = (
				522D21042BDF35B40029013C /* animals.json */,
				522D21052BDF35B40029013C /* covers.json */,
				522D21062BDF35B40029013C /* locations.json */,
				522D21072BDF35B40029013C /* videos.json */,
			);
			path = Data;
			sourceTree = "<group>";
		};
		522D21172BDF35CD0029013C /* Video */ = {
			isa = PBXGroup;
			children = (
				522D210D2BDF35CD0029013C /* cheetah.mp4 */,
				522D210E2BDF35CD0029013C /* elephant.mp4 */,
				522D210F2BDF35CD0029013C /* giraffe.mp4 */,
				522D21102BDF35CD0029013C /* gorilla.mp4 */,
				522D21112BDF35CD0029013C /* hippo.mp4 */,
				522D21122BDF35CD0029013C /* lion.mp4 */,
				522D21132BDF35CD0029013C /* lioness.mp4 */,
				522D21142BDF35CD0029013C /* ostrich.mp4 */,
				522D21152BDF35CD0029013C /* rhino.mp4 */,
				522D21162BDF35CD0029013C /* zebra.mp4 */,
			);
			path = Video;
			sourceTree = "<group>";
		};
		522D21222BDF37950029013C /* Modules */ = {
			isa = PBXGroup;
			children = (
				522D21262BDF38410029013C /* Models */,
				522D21232BDF37B20029013C /* Screen */,
			);
			path = Modules;
			sourceTree = "<group>";
		};
		522D21232BDF37B20029013C /* Screen */ = {
			isa = PBXGroup;
			children = (
				521416522BE08D7400DA8568 /* Watch */,
				521416512BE08D5800DA8568 /* Browse */,
			);
			path = Screen;
			sourceTree = "<group>";
		};
		522D21262BDF38410029013C /* Models */ = {
			isa = PBXGroup;
			children = (
				522D21272BDF38EE0029013C /* CoverImageModel.swift */,
				522D212D2BDF43D30029013C /* AnimalModel.swift */,
			);
			path = Models;
			sourceTree = "<group>";
		};
		522D21292BDF39830029013C /* Extensions */ = {
			isa = PBXGroup;
			children = (
				522D212A2BDF39D40029013C /* Bundle+Ext.swift */,
				522D21412BDF8E240029013C /* CLLOcation+Ext.swift */,
			);
			path = Extensions;
			sourceTree = "<group>";
		};
		522D21452BDF972B0029013C /* SubViewDetail */ = {
			isa = PBXGroup;
			children = (
				522D21392BDF7CB30029013C /* HeadingView.swift */,
				522D213B2BDF7F620029013C /* InsetGalleryView.swift */,
				522D21432BDF94670029013C /* ExternalWebLinkView.swift */,
				522D213D2BDF82960029013C /* InsetFactView.swift */,
				522D213F2BDF8B4D0029013C /* InsetMapView.swift */,
			);
			path = SubViewDetail;
			sourceTree = "<group>";
		};
		522D21462BDF982E0029013C /* SubViewBrowse */ = {
			isa = PBXGroup;
			children = (
				522D21242BDF37F20029013C /* CoverImageView.swift */,
				522D212F2BDF44EE0029013C /* AnimalListItemView.swift */,
				522D21312BDF503B0029013C /* OctagonImageFrame.swift */,
			);
			path = SubViewBrowse;
			sourceTree = "<group>";
		};
		522D21472BDF985B0029013C /* SubViewGrid */ = {
			isa = PBXGroup;
			children = (
				522D21332BDF5D1E0029013C /* AnimalGridItemView.swift */,
			);
			path = SubViewGrid;
			sourceTree = "<group>";
		};
/* End PBXGroup section */

/* Begin PBXNativeTarget section */
		522D20EF2BDF32870029013C /* Animalia */ = {
			isa = PBXNativeTarget;
			buildConfigurationList = 522D20FE2BDF32880029013C /* Build configuration list for PBXNativeTarget "Animalia" */;
			buildPhases = (
				522D20EC2BDF32870029013C /* Sources */,
				522D20ED2BDF32870029013C /* Frameworks */,
				522D20EE2BDF32870029013C /* Resources */,
			);
			buildRules = (
			);
			dependencies = (
			);
			name = Animalia;
			productName = Animalia;
			productReference = 522D20F02BDF32870029013C /* Animalia.app */;
			productType = "com.apple.product-type.application";
		};
/* End PBXNativeTarget section */

/* Begin PBXProject section */
		522D20E82BDF32870029013C /* Project object */ = {
			isa = PBXProject;
			attributes = {
				BuildIndependentTargetsInParallel = 1;
				LastSwiftUpdateCheck = 1530;
				LastUpgradeCheck = 1530;
				TargetAttributes = {
					522D20EF2BDF32870029013C = {
						CreatedOnToolsVersion = 15.3;
					};
				};
			};
			buildConfigurationList = 522D20EB2BDF32870029013C /* Build configuration list for PBXProject "Animalia" */;
			compatibilityVersion = "Xcode 14.0";
			developmentRegion = en;
			hasScannedForEncodings = 0;
			knownRegions = (
				en,
				Base,
			);
			mainGroup = 522D20E72BDF32870029013C;
			productRefGroup = 522D20F12BDF32870029013C /* Products */;
			projectDirPath = "";
			projectRoot = "";
			targets = (
				522D20EF2BDF32870029013C /* Animalia */,
			);
		};
/* End PBXProject section */

/* Begin PBXResourcesBuildPhase section */
		522D20EE2BDF32870029013C /* Resources */ = {
			isa = PBXResourcesBuildPhase;
			buildActionMask = 2147483647;
			files = (
				522D21092BDF35B40029013C /* animals.json in Resources */,
				522D211D2BDF35CD0029013C /* lion.mp4 in Resources */,
				522D211C2BDF35CD0029013C /* hippo.mp4 in Resources */,
				522D21202BDF35CD0029013C /* rhino.mp4 in Resources */,
				522D210A2BDF35B40029013C /* covers.json in Resources */,
				522D211E2BDF35CD0029013C /* lioness.mp4 in Resources */,
				522D211B2BDF35CD0029013C /* gorilla.mp4 in Resources */,
				522D210B2BDF35B40029013C /* locations.json in Resources */,
				522D20FB2BDF32880029013C /* Preview Assets.xcassets in Resources */,
				522D211F2BDF35CD0029013C /* ostrich.mp4 in Resources */,
				522D21192BDF35CD0029013C /* elephant.mp4 in Resources */,
				522D20F82BDF32880029013C /* Assets.xcassets in Resources */,
				522D21212BDF35CD0029013C /* zebra.mp4 in Resources */,
				522D210C2BDF35B40029013C /* videos.json in Resources */,
				522D21182BDF35CD0029013C /* cheetah.mp4 in Resources */,
				522D211A2BDF35CD0029013C /* giraffe.mp4 in Resources */,
			);
			runOnlyForDeploymentPostprocessing = 0;
		};
/* End PBXResourcesBuildPhase section */

/* Begin PBXSourcesBuildPhase section */
		522D20EC2BDF32870029013C /* Sources */ = {
			isa = PBXSourcesBuildPhase;
			buildActionMask = 2147483647;
			files = (
				522D213E2BDF82960029013C /* InsetFactView.swift in Sources */,
				522D21382BDF774F0029013C /* AnimalDetailView.swift in Sources */,
				522D20F62BDF32870029013C /* BrowseView.swift in Sources */,
				522D21422BDF8E240029013C /* CLLOcation+Ext.swift in Sources */,
				522D212E2BDF43D30029013C /* AnimalModel.swift in Sources */,
				522D21252BDF37F20029013C /* CoverImageView.swift in Sources */,
				522D21362BDF60C30029013C /* MainView.swift in Sources */,
				522D21322BDF503B0029013C /* OctagonImageFrame.swift in Sources */,
				522D212B2BDF39D40029013C /* Bundle+Ext.swift in Sources */,
				522D213A2BDF7CB30029013C /* HeadingView.swift in Sources */,
				522D20F42BDF32870029013C /* AnimaliaApp.swift in Sources */,
				522D21442BDF94670029013C /* ExternalWebLinkView.swift in Sources */,
				522D21282BDF38EE0029013C /* CoverImageModel.swift in Sources */,
				522D21402BDF8B4D0029013C /* InsetMapView.swift in Sources */,
				522D21302BDF44EE0029013C /* AnimalListItemView.swift in Sources */,
				522D21342BDF5D1E0029013C /* AnimalGridItemView.swift in Sources */,
				522D213C2BDF7F620029013C /* InsetGalleryView.swift in Sources */,
			);
			runOnlyForDeploymentPostprocessing = 0;
		};
/* End PBXSourcesBuildPhase section */

/* Begin XCBuildConfiguration section */
		522D20FC2BDF32880029013C /* Debug */ = {
			isa = XCBuildConfiguration;
			buildSettings = {
				ALWAYS_SEARCH_USER_PATHS = NO;
				ASSETCATALOG_COMPILER_GENERATE_SWIFT_ASSET_SYMBOL_EXTENSIONS = YES;
				CLANG_ANALYZER_NONNULL = YES;
				CLANG_ANALYZER_NUMBER_OBJECT_CONVERSION = YES_AGGRESSIVE;
				CLANG_CXX_LANGUAGE_STANDARD = "gnu++20";
				CLANG_ENABLE_MODULES = YES;
				CLANG_ENABLE_OBJC_ARC = YES;
				CLANG_ENABLE_OBJC_WEAK = YES;
				CLANG_WARN_BLOCK_CAPTURE_AUTORELEASING = YES;
				CLANG_WARN_BOOL_CONVERSION = YES;
				CLANG_WARN_COMMA = YES;
				CLANG_WARN_CONSTANT_CONVERSION = YES;
				CLANG_WARN_DEPRECATED_OBJC_IMPLEMENTATIONS = YES;
				CLANG_WARN_DIRECT_OBJC_ISA_USAGE = YES_ERROR;
				CLANG_WARN_DOCUMENTATION_COMMENTS = YES;
				CLANG_WARN_EMPTY_BODY = YES;
				CLANG_WARN_ENUM_CONVERSION = YES;
				CLANG_WARN_INFINITE_RECURSION = YES;
				CLANG_WARN_INT_CONVERSION = YES;
				CLANG_WARN_NON_LITERAL_NULL_CONVERSION = YES;
				CLANG_WARN_OBJC_IMPLICIT_RETAIN_SELF = YES;
				CLANG_WARN_OBJC_LITERAL_CONVERSION = YES;
				CLANG_WARN_OBJC_ROOT_CLASS = YES_ERROR;
				CLANG_WARN_QUOTED_INCLUDE_IN_FRAMEWORK_HEADER = YES;
				CLANG_WARN_RANGE_LOOP_ANALYSIS = YES;
				CLANG_WARN_STRICT_PROTOTYPES = YES;
				CLANG_WARN_SUSPICIOUS_MOVE = YES;
				CLANG_WARN_UNGUARDED_AVAILABILITY = YES_AGGRESSIVE;
				CLANG_WARN_UNREACHABLE_CODE = YES;
				CLANG_WARN__DUPLICATE_METHOD_MATCH = YES;
				COPY_PHASE_STRIP = NO;
				DEBUG_INFORMATION_FORMAT = dwarf;
				ENABLE_STRICT_OBJC_MSGSEND = YES;
				ENABLE_TESTABILITY = YES;
				ENABLE_USER_SCRIPT_SANDBOXING = YES;
				GCC_C_LANGUAGE_STANDARD = gnu17;
				GCC_DYNAMIC_NO_PIC = NO;
				GCC_NO_COMMON_BLOCKS = YES;
				GCC_OPTIMIZATION_LEVEL = 0;
				GCC_PREPROCESSOR_DEFINITIONS = (
					"DEBUG=1",
					"$(inherited)",
				);
				GCC_WARN_64_TO_32_BIT_CONVERSION = YES;
				GCC_WARN_ABOUT_RETURN_TYPE = YES_ERROR;
				GCC_WARN_UNDECLARED_SELECTOR = YES;
				GCC_WARN_UNINITIALIZED_AUTOS = YES_AGGRESSIVE;
				GCC_WARN_UNUSED_FUNCTION = YES;
				GCC_WARN_UNUSED_VARIABLE = YES;
				IPHONEOS_DEPLOYMENT_TARGET = 17.4;
				LOCALIZATION_PREFERS_STRING_CATALOGS = YES;
				MTL_ENABLE_DEBUG_INFO = INCLUDE_SOURCE;
				MTL_FAST_MATH = YES;
				ONLY_ACTIVE_ARCH = YES;
				SDKROOT = iphoneos;
				SWIFT_ACTIVE_COMPILATION_CONDITIONS = "DEBUG $(inherited)";
				SWIFT_OPTIMIZATION_LEVEL = "-Onone";
			};
			name = Debug;
		};
		522D20FD2BDF32880029013C /* Release */ = {
			isa = XCBuildConfiguration;
			buildSettings = {
				ALWAYS_SEARCH_USER_PATHS = NO;
				ASSETCATALOG_COMPILER_GENERATE_SWIFT_ASSET_SYMBOL_EXTENSIONS = YES;
				CLANG_ANALYZER_NONNULL = YES;
				CLANG_ANALYZER_NUMBER_OBJECT_CONVERSION = YES_AGGRESSIVE;
				CLANG_CXX_LANGUAGE_STANDARD = "gnu++20";
				CLANG_ENABLE_MODULES = YES;
				CLANG_ENABLE_OBJC_ARC = YES;
				CLANG_ENABLE_OBJC_WEAK = YES;
				CLANG_WARN_BLOCK_CAPTURE_AUTORELEASING = YES;
				CLANG_WARN_BOOL_CONVERSION = YES;
				CLANG_WARN_COMMA = YES;
				CLANG_WARN_CONSTANT_CONVERSION = YES;
				CLANG_WARN_DEPRECATED_OBJC_IMPLEMENTATIONS = YES;
				CLANG_WARN_DIRECT_OBJC_ISA_USAGE = YES_ERROR;
				CLANG_WARN_DOCUMENTATION_COMMENTS = YES;
				CLANG_WARN_EMPTY_BODY = YES;
				CLANG_WARN_ENUM_CONVERSION = YES;
				CLANG_WARN_INFINITE_RECURSION = YES;
				CLANG_WARN_INT_CONVERSION = YES;
				CLANG_WARN_NON_LITERAL_NULL_CONVERSION = YES;
				CLANG_WARN_OBJC_IMPLICIT_RETAIN_SELF = YES;
				CLANG_WARN_OBJC_LITERAL_CONVERSION = YES;
				CLANG_WARN_OBJC_ROOT_CLASS = YES_ERROR;
				CLANG_WARN_QUOTED_INCLUDE_IN_FRAMEWORK_HEADER = YES;
				CLANG_WARN_RANGE_LOOP_ANALYSIS = YES;
				CLANG_WARN_STRICT_PROTOTYPES = YES;
				CLANG_WARN_SUSPICIOUS_MOVE = YES;
				CLANG_WARN_UNGUARDED_AVAILABILITY = YES_AGGRESSIVE;
				CLANG_WARN_UNREACHABLE_CODE = YES;
				CLANG_WARN__DUPLICATE_METHOD_MATCH = YES;
				COPY_PHASE_STRIP = NO;
				DEBUG_INFORMATION_FORMAT = "dwarf-with-dsym";
				ENABLE_NS_ASSERTIONS = NO;
				ENABLE_STRICT_OBJC_MSGSEND = YES;
				ENABLE_USER_SCRIPT_SANDBOXING = YES;
				GCC_C_LANGUAGE_STANDARD = gnu17;
				GCC_NO_COMMON_BLOCKS = YES;
				GCC_WARN_64_TO_32_BIT_CONVERSION = YES;
				GCC_WARN_ABOUT_RETURN_TYPE = YES_ERROR;
				GCC_WARN_UNDECLARED_SELECTOR = YES;
				GCC_WARN_UNINITIALIZED_AUTOS = YES_AGGRESSIVE;
				GCC_WARN_UNUSED_FUNCTION = YES;
				GCC_WARN_UNUSED_VARIABLE = YES;
				IPHONEOS_DEPLOYMENT_TARGET = 17.4;
				LOCALIZATION_PREFERS_STRING_CATALOGS = YES;
				MTL_ENABLE_DEBUG_INFO = NO;
				MTL_FAST_MATH = YES;
				SDKROOT = iphoneos;
				SWIFT_COMPILATION_MODE = wholemodule;
				VALIDATE_PRODUCT = YES;
			};
			name = Release;
		};
		522D20FF2BDF32880029013C /* Debug */ = {
			isa = XCBuildConfiguration;
			buildSettings = {
				ASSETCATALOG_COMPILER_APPICON_NAME = AppIcon;
				ASSETCATALOG_COMPILER_GLOBAL_ACCENT_COLOR_NAME = AccentColor;
				CODE_SIGN_STYLE = Automatic;
				CURRENT_PROJECT_VERSION = 1;
				DEVELOPMENT_ASSET_PATHS = "\"Animalia/Preview Content\"";
				ENABLE_PREVIEWS = YES;
				GENERATE_INFOPLIST_FILE = YES;
				INFOPLIST_FILE = Animalia/Info.plist;
				INFOPLIST_KEY_UIApplicationSceneManifest_Generation = YES;
				INFOPLIST_KEY_UIApplicationSupportsIndirectInputEvents = YES;
				INFOPLIST_KEY_UISupportedInterfaceOrientations_iPad = "UIInterfaceOrientationPortrait UIInterfaceOrientationPortraitUpsideDown UIInterfaceOrientationLandscapeLeft UIInterfaceOrientationLandscapeRight";
				INFOPLIST_KEY_UISupportedInterfaceOrientations_iPhone = "UIInterfaceOrientationPortrait UIInterfaceOrientationLandscapeLeft UIInterfaceOrientationLandscapeRight";
				INFOPLIST_KEY_UIUserInterfaceStyle = Dark;
				IPHONEOS_DEPLOYMENT_TARGET = 17.0;
				LD_RUNPATH_SEARCH_PATHS = (
					"$(inherited)",
					"@executable_path/Frameworks",
				);
				MARKETING_VERSION = 1.0;
				PRODUCT_BUNDLE_IDENTIFIER = com.dita.Animalia;
				PRODUCT_NAME = "$(TARGET_NAME)";
				SWIFT_EMIT_LOC_STRINGS = YES;
				SWIFT_VERSION = 5.0;
				TARGETED_DEVICE_FAMILY = "1,2";
			};
			name = Debug;
		};
		522D21002BDF32880029013C /* Release */ = {
			isa = XCBuildConfiguration;
			buildSettings = {
				ASSETCATALOG_COMPILER_APPICON_NAME = AppIcon;
				ASSETCATALOG_COMPILER_GLOBAL_ACCENT_COLOR_NAME = AccentColor;
				CODE_SIGN_STYLE = Automatic;
				CURRENT_PROJECT_VERSION = 1;
				DEVELOPMENT_ASSET_PATHS = "\"Animalia/Preview Content\"";
				ENABLE_PREVIEWS = YES;
				GENERATE_INFOPLIST_FILE = YES;
				INFOPLIST_FILE = Animalia/Info.plist;
				INFOPLIST_KEY_UIApplicationSceneManifest_Generation = YES;
				INFOPLIST_KEY_UIApplicationSupportsIndirectInputEvents = YES;
				INFOPLIST_KEY_UISupportedInterfaceOrientations_iPad = "UIInterfaceOrientationPortrait UIInterfaceOrientationPortraitUpsideDown UIInterfaceOrientationLandscapeLeft UIInterfaceOrientationLandscapeRight";
				INFOPLIST_KEY_UISupportedInterfaceOrientations_iPhone = "UIInterfaceOrientationPortrait UIInterfaceOrientationLandscapeLeft UIInterfaceOrientationLandscapeRight";
				INFOPLIST_KEY_UIUserInterfaceStyle = Dark;
				IPHONEOS_DEPLOYMENT_TARGET = 17.0;
				LD_RUNPATH_SEARCH_PATHS = (
					"$(inherited)",
					"@executable_path/Frameworks",
				);
				MARKETING_VERSION = 1.0;
				PRODUCT_BUNDLE_IDENTIFIER = com.dita.Animalia;
				PRODUCT_NAME = "$(TARGET_NAME)";
				SWIFT_EMIT_LOC_STRINGS = YES;
				SWIFT_VERSION = 5.0;
				TARGETED_DEVICE_FAMILY = "1,2";
			};
			name = Release;
		};
/* End XCBuildConfiguration section */

/* Begin XCConfigurationList section */
		522D20EB2BDF32870029013C /* Build configuration list for PBXProject "Animalia" */ = {
			isa = XCConfigurationList;
			buildConfigurations = (
				522D20FC2BDF32880029013C /* Debug */,
				522D20FD2BDF32880029013C /* Release */,
			);
			defaultConfigurationIsVisible = 0;
			defaultConfigurationName = Release;
		};
		522D20FE2BDF32880029013C /* Build configuration list for PBXNativeTarget "Animalia" */ = {
			isa = XCConfigurationList;
			buildConfigurations = (
				522D20FF2BDF32880029013C /* Debug */,
				522D21002BDF32880029013C /* Release */,
			);
			defaultConfigurationIsVisible = 0;
			defaultConfigurationName = Release;
		};
/* End XCConfigurationList section */
	};
	rootObject = 522D20E82BDF32870029013C /* Project object */;
}
